
Microsoft Visual Studio Solution File, Format Version 12.00
# Visual Studio 2012
Project("{FAE04EC0-301F-11D3-BF4B-00C04F79EFBC}") = "Black Hotspot", "Black Hotspot\Black Hotspot.csproj", "{8EBF6843-2462-4DB8-80E9-4CE2D1D5491B}"
EndProject
Global
	GlobalSection(SolutionConfigurationPlatforms) = preSolution
		Debug|Any CPU = Debug|Any CPU
		Release|Any CPU = Release|Any CPU
	EndGlobalSection
	GlobalSection(ProjectConfigurationPlatforms) = postSolution
		{8EBF6843-2462-4DB8-80E9-4CE2D1D5491B}.Debug|Any CPU.ActiveCfg = Debug|Any CPU
		{8EBF6843-2462-4DB8-80E9-4CE2D1D5491B}.Debug|Any CPU.Build.0 = Debug|Any CPU
		{8EBF6843-2462-4DB8-80E9-4CE2D1D5491B}.Release|Any CPU.ActiveCfg = Release|Any CPU
		{8EBF6843-2462-4DB8-80E9-4CE2D1D5491B}.Release|Any CPU.Build.0 = Release|Any CPU
	EndGlobalSection
	GlobalSection(SolutionProperties) = preSolution
		HideSolutionNode = FALSE
	EndGlobalSection
EndGlobal
